
Microsoft Visual Studio Solution File, Format Version 12.00
# Visual Studio Version 17
VisualStudioVersion = 17.12.35707.178 d17.12
MinimumVisualStudioVersion = 10.0.40219.1
Project("{FAE04EC0-301F-11D3-BF4B-00C04F79EFBC}") = "SysVet", "SysVet\SysVet.csproj", "{400E6505-2D54-4510-A397-62C7EE22FECC}"
EndProject
Global
	GlobalSection(SolutionConfigurationPlatforms) = preSolution
		Debug|Any CPU = Debug|Any CPU
		Release|Any CPU = Release|Any CPU
	EndGlobalSection
	GlobalSection(ProjectConfigurationPlatforms) = postSolution
		{400E6505-2D54-4510-A397-62C7EE22FECC}.Debug|Any CPU.ActiveCfg = Debug|Any CPU
		{400E6505-2D54-4510-A397-62C7EE22FECC}.Debug|Any CPU.Build.0 = Debug|Any CPU
		{400E6505-2D54-4510-A397-62C7EE22FECC}.Release|Any CPU.ActiveCfg = Release|Any CPU
		{400E6505-2D54-4510-A397-62C7EE22FECC}.Release|Any CPU.Build.0 = Release|Any CPU
	EndGlobalSection
	GlobalSection(SolutionProperties) = preSolution
		HideSolutionNode = FALSE
	EndGlobalSection
EndGlobal
